
Microsoft Visual Studio Solution File, Format Version 12.00
# Visual Studio Version 17
VisualStudioVersion = 17.0.31903.59
MinimumVisualStudioVersion = 10.0.40219.1
Project("{2150E333-8FDC-42A3-9474-1A3956D46DE8}") = "src", "src", "{827E0CD3-B72D-47B6-A68D-7590B98EB39B}"
EndProject
Project("{FAE04EC0-301F-11D3-BF4B-00C04F79EFBC}") = "ServiceHub.Api", "src\ServiceHub.Api\ServiceHub.Api.csproj", "{6B2581F6-5845-4736-BF38-06E5ADB5D917}"
EndProject
Project("{2150E333-8FDC-42A3-9474-1A3956D46DE8}") = "tests", "tests", "{0AB3BF05-4346-4AA6-1389-037BE0695223}"
EndProject
Project("{FAE04EC0-301F-11D3-BF4B-00C04F79EFBC}") = "ServiceHub.IntegrationTests", "tests\ServiceHub.IntegrationTests\ServiceHub.IntegrationTests.csproj", "{CCBE3F6C-4A19-489D-9D9F-B6F3ED489E86}"
EndProject
Global
	GlobalSection(SolutionConfigurationPlatforms) = preSolution
		Debug|Any CPU = Debug|Any CPU
		Debug|x64 = Debug|x64
		Debug|x86 = Debug|x86
		Release|Any CPU = Release|Any CPU
		Release|x64 = Release|x64
		Release|x86 = Release|x86
	EndGlobalSection
	GlobalSection(ProjectConfigurationPlatforms) = postSolution
		{6B2581F6-5845-4736-BF38-06E5ADB5D917}.Debug|Any CPU.ActiveCfg = Debug|Any CPU
		{6B2581F6-5845-4736-BF38-06E5ADB5D917}.Debug|Any CPU.Build.0 = Debug|Any CPU
		{6B2581F6-5845-4736-BF38-06E5ADB5D917}.Debug|x64.ActiveCfg = Debug|Any CPU
		{6B2581F6-5845-4736-BF38-06E5ADB5D917}.Debug|x64.Build.0 = Debug|Any CPU
		{6B2581F6-5845-4736-BF38-06E5ADB5D917}.Debug|x86.ActiveCfg = Debug|Any CPU
		{6B2581F6-5845-4736-BF38-06E5ADB5D917}.Debug|x86.Build.0 = Debug|Any CPU
		{6B2581F6-5845-4736-BF38-06E5ADB5D917}.Release|Any CPU.ActiveCfg = Release|Any CPU
		{6B2581F6-5845-4736-BF38-06E5ADB5D917}.Release|Any CPU.Build.0 = Release|Any CPU
		{6B2581F6-5845-4736-BF38-06E5ADB5D917}.Release|x64.ActiveCfg = Release|Any CPU
		{6B2581F6-5845-4736-BF38-06E5ADB5D917}.Release|x64.Build.0 = Release|Any CPU
		{6B2581F6-5845-4736-BF38-06E5ADB5D917}.Release|x86.ActiveCfg = Release|Any CPU
		{6B2581F6-5845-4736-BF38-06E5ADB5D917}.Release|x86.Build.0 = Release|Any CPU
		{CCBE3F6C-4A19-489D-9D9F-B6F3ED489E86}.Debug|Any CPU.ActiveCfg = Debug|Any CPU
		{CCBE3F6C-4A19-489D-9D9F-B6F3ED489E86}.Debug|Any CPU.Build.0 = Debug|Any CPU
		{CCBE3F6C-4A19-489D-9D9F-B6F3ED489E86}.Debug|x64.ActiveCfg = Debug|Any CPU
		{CCBE3F6C-4A19-489D-9D9F-B6F3ED489E86}.Debug|x64.Build.0 = Debug|Any CPU
		{CCBE3F6C-4A19-489D-9D9F-B6F3ED489E86}.Debug|x86.ActiveCfg = Debug|Any CPU
		{CCBE3F6C-4A19-489D-9D9F-B6F3ED489E86}.Debug|x86.Build.0 = Debug|Any CPU
		{CCBE3F6C-4A19-489D-9D9F-B6F3ED489E86}.Release|Any CPU.ActiveCfg = Release|Any CPU
		{CCBE3F6C-4A19-489D-9D9F-B6F3ED489E86}.Release|Any CPU.Build.0 = Release|Any CPU
		{CCBE3F6C-4A19-489D-9D9F-B6F3ED489E86}.Release|x64.ActiveCfg = Release|Any CPU
		{CCBE3F6C-4A19-489D-9D9F-B6F3ED489E86}.Release|x64.Build.0 = Release|Any CPU
		{CCBE3F6C-4A19-489D-9D9F-B6F3ED489E86}.Release|x86.ActiveCfg = Release|Any CPU
		{CCBE3F6C-4A19-489D-9D9F-B6F3ED489E86}.Release|x86.Build.0 = Release|Any CPU
	EndGlobalSection
	GlobalSection(SolutionProperties) = preSolution
		HideSolutionNode = FALSE
	EndGlobalSection
	GlobalSection(NestedProjects) = preSolution
		{6B2581F6-5845-4736-BF38-06E5ADB5D917} = {827E0CD3-B72D-47B6-A68D-7590B98EB39B}
		{CCBE3F6C-4A19-489D-9D9F-B6F3ED489E86} = {0AB3BF05-4346-4AA6-1389-037BE0695223}
	EndGlobalSection
EndGlobal
